
Microsoft Visual Studio Solution File, Format Version 12.00
Project("{FAE04EC0-301F-11D3-BF4B-00C04F79EFBC}") = "GenshinPatcher", "GenshinPatcher.csproj", "{3FAA33B9-B78E-4017-960F-448F98EEB5A0}"
EndProject
Global
	GlobalSection(SolutionConfigurationPlatforms) = preSolution
		Debug|Any CPU = Debug|Any CPU
		Release|Any CPU = Release|Any CPU
	EndGlobalSection
	GlobalSection(ProjectConfigurationPlatforms) = postSolution
		{3FAA33B9-B78E-4017-960F-448F98EEB5A0}.Debug|Any CPU.ActiveCfg = Debug|Any CPU
		{3FAA33B9-B78E-4017-960F-448F98EEB5A0}.Debug|Any CPU.Build.0 = Debug|Any CPU
		{3FAA33B9-B78E-4017-960F-448F98EEB5A0}.Release|Any CPU.ActiveCfg = Release|Any CPU
		{3FAA33B9-B78E-4017-960F-448F98EEB5A0}.Release|Any CPU.Build.0 = Release|Any CPU
	EndGlobalSection
EndGlobal
